// !$*UTF8*$!
{
	archiveVersion = 1;
	classes = {
	};
	objectVersion = 50;
	objects = {

/* Begin PBXBuildFile section */
		3E6E3791F33AE68FE64B51FF /* Pods_GoogleAnalytics.framework in Frameworks */ = {isa = PBXBuildFile; fileRef = 22B88FAE2347D1CA5FE174DC /* Pods_GoogleAnalytics.framework */; };
		6DB3B270207CC14B00DA5EC0 /* AppDelegate.swift in Sources */ = {isa = PBXBuildFile; fileRef = 6DB3B26F207CC14B00DA5EC0 /* AppDelegate.swift */; };
		6DB3B272207CC14B00DA5EC0 /* ViewController.swift in Sources */ = {isa = PBXBuildFile; fileRef = 6DB3B271207CC14B00DA5EC0 /* ViewController.swift */; };
		6DB3B275207CC14B00DA5EC0 /* Main.storyboard in Resources */ = {isa = PBXBuildFile; fileRef = 6DB3B273207CC14B00DA5EC0 /* Main.storyboard */; };
		6DB3B277207CC14E00DA5EC0 /* Assets.xcassets in Resources */ = {isa = PBXBuildFile; fileRef = 6DB3B276207CC14E00DA5EC0 /* Assets.xcassets */; };
		6DB3B27A207CC14E00DA5EC0 /* LaunchScreen.storyboard in Resources */ = {isa = PBXBuildFile; fileRef = 6DB3B278207CC14E00DA5EC0 /* LaunchScreen.storyboard */; };
/* End PBXBuildFile section */

/* Begin PBXFileReference section */
		22B88FAE2347D1CA5FE174DC /* Pods_GoogleAnalytics.framework */ = {isa = PBXFileReference; explicitFileType = wrapper.framework; includeInIndex = 0; path = Pods_GoogleAnalytics.framework; sourceTree = BUILT_PRODUCTS_DIR; };
		6DB3B26C207CC14B00DA5EC0 /* GoogleAnalytics.app */ = {isa = PBXFileReference; explicitFileType = wrapper.application; includeInIndex = 0; path = GoogleAnalytics.app; sourceTree = BUILT_PRODUCTS_DIR; };
		6DB3B26F207CC14B00DA5EC0 /* AppDelegate.swift */ = {isa = PBXFileReference; lastKnownFileType = sourcecode.swift; path = AppDelegate.swift; sourceTree = "<group>"; };
		6DB3B271207CC14B00DA5EC0 /* ViewController.swift */ = {isa = PBXFileReference; lastKnownFileType = sourcecode.swift; path = ViewController.swift; sourceTree = "<group>"; };
		6DB3B274207CC14B00DA5EC0 /* Base */ = {isa = PBXFileReference; lastKnownFileType = file.storyboard; name = Base; path = Base.lproj/Main.storyboard; sourceTree = "<group>"; };
		6DB3B276207CC14E00DA5EC0 /* Assets.xcassets */ = {isa = PBXFileReference; lastKnownFileType = folder.assetcatalog; path = Assets.xcassets; sourceTree = "<group>"; };
		6DB3B279207CC14E00DA5EC0 /* Base */ = {isa = PBXFileReference; lastKnownFileType = file.storyboard; name = Base; path = Base.lproj/LaunchScreen.storyboard; sourceTree = "<group>"; };
		6DB3B27B207CC14E00DA5EC0 /* Info.plist */ = {isa = PBXFileReference; lastKnownFileType = text.plist.xml; path = Info.plist; sourceTree = "<group>"; };
		6DB3B282207CC90900DA5EC0 /* GoogleAnalytics_Bridging_Header.h */ = {isa = PBXFileReference; lastKnownFileType = sourcecode.c.h; path = GoogleAnalytics_Bridging_Header.h; sourceTree = "<group>"; };
		7481100195B6DE44F4F67815 /* Pods-GoogleAnalytics.debug.xcconfig */ = {isa = PBXFileReference; includeInIndex = 1; lastKnownFileType = text.xcconfig; name = "Pods-GoogleAnalytics.debug.xcconfig"; path = "Pods/Target Support Files/Pods-GoogleAnalytics/Pods-GoogleAnalytics.debug.xcconfig"; sourceTree = "<group>"; };
		F677C04EE9B36C5205F9B861 /* Pods-GoogleAnalytics.release.xcconfig */ = {isa = PBXFileReference; includeInIndex = 1; lastKnownFileType = text.xcconfig; name = "Pods-GoogleAnalytics.release.xcconfig"; path = "Pods/Target Support Files/Pods-GoogleAnalytics/Pods-GoogleAnalytics.release.xcconfig"; sourceTree = "<group>"; };
/* End PBXFileReference section */

/* Begin PBXFrameworksBuildPhase section */
		6DB3B269207CC14B00DA5EC0 /* Frameworks */ = {
			isa = PBXFrameworksBuildPhase;
			buildActionMask = 2147483647;
			files = (
				3E6E3791F33AE68FE64B51FF /* Pods_GoogleAnalytics.framework in Frameworks */,
			);
			runOnlyForDeploymentPostprocessing = 0;
		};
/* End PBXFrameworksBuildPhase section */

/* Begin PBXGroup section */
		13376586BCCD77BE614E7263 /* Pods */ = {
			isa = PBXGroup;
			children = (
				7481100195B6DE44F4F67815 /* Pods-GoogleAnalytics.debug.xcconfig */,
				F677C04EE9B36C5205F9B861 /* Pods-GoogleAnalytics.release.xcconfig */,
			);
			name = Pods;
			sourceTree = "<group>";
		};
		6DB3B263207CC14B00DA5EC0 = {
			isa = PBXGroup;
			children = (
				6DB3B26E207CC14B00DA5EC0 /* GoogleAnalytics */,
				6DB3B26D207CC14B00DA5EC0 /* Products */,
				13376586BCCD77BE614E7263 /* Pods */,
				8053C0B614D9BD0D8F980172 /* Frameworks */,
			);
			sourceTree = "<group>";
		};
		6DB3B26D207CC14B00DA5EC0 /* Products */ = {
			isa = PBXGroup;
			children = (
				6DB3B26C207CC14B00DA5EC0 /* GoogleAnalytics.app */,
			);
			name = Products;
			sourceTree = "<group>";
		};
		6DB3B26E207CC14B00DA5EC0 /* GoogleAnalytics */ = {
			isa = PBXGroup;
			children = (
				6DB3B26F207CC14B00DA5EC0 /* AppDelegate.swift */,
				6DB3B271207CC14B00DA5EC0 /* ViewController.swift */,
				6DB3B273207CC14B00DA5EC0 /* Main.storyboard */,
				6DB3B282207CC90900DA5EC0 /* GoogleAnalytics_Bridging_Header.h */,
				6DB3B276207CC14E00DA5EC0 /* Assets.xcassets */,
				6DB3B278207CC14E00DA5EC0 /* LaunchScreen.storyboard */,
				6DB3B27B207CC14E00DA5EC0 /* Info.plist */,
			);
			path = GoogleAnalytics;
			sourceTree = "<group>";
		};
		8053C0B614D9BD0D8F980172 /* Frameworks */ = {
			isa = PBXGroup;
			children = (
				22B88FAE2347D1CA5FE174DC /* Pods_GoogleAnalytics.framework */,
			);
			name = Frameworks;
			sourceTree = "<group>";
		};
/* End PBXGroup section */

/* Begin PBXNativeTarget section */
		6DB3B26B207CC14B00DA5EC0 /* GoogleAnalytics */ = {
			isa = PBXNativeTarget;
			buildConfigurationList = 6DB3B27E207CC14E00DA5EC0 /* Build configuration list for PBXNativeTarget "GoogleAnalytics" */;
			buildPhases = (
				1FF9D0F2AA0E4E82D98E4A17 /* [CP] Check Pods Manifest.lock */,
				6DB3B268207CC14B00DA5EC0 /* Sources */,
				6DB3B269207CC14B00DA5EC0 /* Frameworks */,
				6DB3B26A207CC14B00DA5EC0 /* Resources */,
				4EA0C951D8F9A62CD1D19585 /* [CP] Embed Pods Frameworks */,
			);
			buildRules = (
			);
			dependencies = (
			);
			name = GoogleAnalytics;
			productName = GoogleAnalytics;
			productReference = 6DB3B26C207CC14B00DA5EC0 /* GoogleAnalytics.app */;
			productType = "com.apple.product-type.application";
		};
/* End PBXNativeTarget section */

/* Begin PBXProject section */
		6DB3B264207CC14B00DA5EC0 /* Project object */ = {
			isa = PBXProject;
			attributes = {
				LastSwiftUpdateCheck = 0930;
				LastUpgradeCheck = 0930;
				ORGANIZATIONNAME = 25sprout.com;
				TargetAttributes = {
					6DB3B26B207CC14B00DA5EC0 = {
						CreatedOnToolsVersion = 9.3;
					};
				};
			};
			buildConfigurationList = 6DB3B267207CC14B00DA5EC0 /* Build configuration list for PBXProject "GoogleAnalytics" */;
			compatibilityVersion = "Xcode 9.3";
			developmentRegion = en;
			hasScannedForEncodings = 0;
			knownRegions = (
				en,
				Base,
			);
			mainGroup = 6DB3B263207CC14B00DA5EC0;
			productRefGroup = 6DB3B26D207CC14B00DA5EC0 /* Products */;
			projectDirPath = "";
			projectRoot = "";
			targets = (
				6DB3B26B207CC14B00DA5EC0 /* GoogleAnalytics */,
			);
		};
/* End PBXProject section */

/* Begin PBXResourcesBuildPhase section */
		6DB3B26A207CC14B00DA5EC0 /* Resources */ = {
			isa = PBXResourcesBuildPhase;
			buildActionMask = 2147483647;
			files = (
				6DB3B27A207CC14E00DA5EC0 /* LaunchScreen.storyboard in Resources */,
				6DB3B277207CC14E00DA5EC0 /* Assets.xcassets in Resources */,
				6DB3B275207CC14B00DA5EC0 /* Main.storyboard in Resources */,
			);
			runOnlyForDeploymentPostprocessing = 0;
		};
/* End PBXResourcesBuildPhase section */

/* Begin PBXShellScriptBuildPhase section */
		1FF9D0F2AA0E4E82D98E4A17 /* [CP] Check Pods Manifest.lock */ = {
			isa = PBXShellScriptBuildPhase;
			buildActionMask = 2147483647;
			files = (
			);
			inputPaths = (
				"${PODS_PODFILE_DIR_PATH}/Podfile.lock",
				"${PODS_ROOT}/Manifest.lock",
			);
			name = "[CP] Check Pods Manifest.lock";
			outputPaths = (
				"$(DERIVED_FILE_DIR)/Pods-GoogleAnalytics-checkManifestLockResult.txt",
			);
			runOnlyForDeploymentPostprocessing = 0;
			shellPath = /bin/sh;
			shellScript = "diff \"${PODS_PODFILE_DIR_PATH}/Podfile.lock\" \"${PODS_ROOT}/Manifest.lock\" > /dev/null\nif [ $? != 0 ] ; then\n    # print error to STDERR\n    echo \"error: The sandbox is not in sync with the Podfile.lock. Run 'pod install' or update your CocoaPods installation.\" >&2\n    exit 1\nfi\n# This output is used by Xcode 'outputs' to avoid re-running this script phase.\necho \"SUCCESS\" > \"${SCRIPT_OUTPUT_FILE_0}\"\n";
			showEnvVarsInLog = 0;
		};
		4EA0C951D8F9A62CD1D19585 /* [CP] Embed Pods Frameworks */ = {
			isa = PBXShellScriptBuildPhase;
			buildActionMask = 2147483647;
			files = (
			);
			inputPaths = (
				"${SRCROOT}/Pods/Target Support Files/Pods-GoogleAnalytics/Pods-GoogleAnalytics-frameworks.sh",
				"${BUILT_PRODUCTS_DIR}/GoogleToolboxForMac/GoogleToolboxForMac.framework",
			);
			name = "[CP] Embed Pods Frameworks";
			outputPaths = (
				"${TARGET_BUILD_DIR}/${FRAMEWORKS_FOLDER_PATH}/GoogleToolboxForMac.framework",
			);
			runOnlyForDeploymentPostprocessing = 0;
			shellPath = /bin/sh;
			shellScript = "\"${SRCROOT}/Pods/Target Support Files/Pods-GoogleAnalytics/Pods-GoogleAnalytics-frameworks.sh\"\n";
			showEnvVarsInLog = 0;
		};
/* End PBXShellScriptBuildPhase section */

/* Begin PBXSourcesBuildPhase section */
		6DB3B268207CC14B00DA5EC0 /* Sources */ = {
			isa = PBXSourcesBuildPhase;
			buildActionMask = 2147483647;
			files = (
				6DB3B272207CC14B00DA5EC0 /* ViewController.swift in Sources */,
				6DB3B270207CC14B00DA5EC0 /* AppDelegate.swift in Sources */,
			);
			runOnlyForDeploymentPostprocessing = 0;
		};
/* End PBXSourcesBuildPhase section */

/* Begin PBXVariantGroup section */
		6DB3B273207CC14B00DA5EC0 /* Main.storyboard */ = {
			isa = PBXVariantGroup;
			children = (
				6DB3B274207CC14B00DA5EC0 /* Base */,
			);
			name = Main.storyboard;
			sourceTree = "<group>";
		};
		6DB3B278207CC14E00DA5EC0 /* LaunchScreen.storyboard */ = {
			isa = PBXVariantGroup;
			children = (
				6DB3B279207CC14E00DA5EC0 /* Base */,
			);
			name = LaunchScreen.storyboard;
			sourceTree = "<group>";
		};
/* End PBXVariantGroup section */

/* Begin XCBuildConfiguration section */
		6DB3B27C207CC14E00DA5EC0 /* Debug */ = {
			isa = XCBuildConfiguration;
			buildSettings = {
				ALWAYS_SEARCH_USER_PATHS = NO;
				CLANG_ANALYZER_NONNULL = YES;
				CLANG_ANALYZER_NUMBER_OBJECT_CONVERSION = YES_AGGRESSIVE;
				CLANG_CXX_LANGUAGE_STANDARD = "gnu++14";
				CLANG_CXX_LIBRARY = "libc++";
				CLANG_ENABLE_MODULES = YES;
				CLANG_ENABLE_OBJC_ARC = YES;
				CLANG_ENABLE_OBJC_WEAK = YES;
				CLANG_WARN_BLOCK_CAPTURE_AUTORELEASING = YES;
				CLANG_WARN_BOOL_CONVERSION = YES;
				CLANG_WARN_COMMA = YES;
				CLANG_WARN_CONSTANT_CONVERSION = YES;
				CLANG_WARN_DEPRECATED_OBJC_IMPLEMENTATIONS = YES;
				CLANG_WARN_DIRECT_OBJC_ISA_USAGE = YES_ERROR;
				CLANG_WARN_DOCUMENTATION_COMMENTS = YES;
				CLANG_WARN_EMPTY_BODY = YES;
				CLANG_WARN_ENUM_CONVERSION = YES;
				CLANG_WARN_INFINITE_RECURSION = YES;
				CLANG_WARN_INT_CONVERSION = YES;
				CLANG_WARN_NON_LITERAL_NULL_CONVERSION = YES;
				CLANG_WARN_OBJC_IMPLICIT_RETAIN_SELF = YES;
				CLANG_WARN_OBJC_LITERAL_CONVERSION = YES;
				CLANG_WARN_OBJC_ROOT_CLASS = YES_ERROR;
				CLANG_WARN_RANGE_LOOP_ANALYSIS = YES;
				CLANG_WARN_STRICT_PROTOTYPES = YES;
				CLANG_WARN_SUSPICIOUS_MOVE = YES;
				CLANG_WARN_UNGUARDED_AVAILABILITY = YES_AGGRESSIVE;
				CLANG_WARN_UNREACHABLE_CODE = YES;
				CLANG_WARN__DUPLICATE_METHOD_MATCH = YES;
				CODE_SIGN_IDENTITY = "iPhone Developer";
				COPY_PHASE_STRIP = NO;
				DEBUG_INFORMATION_FORMAT = dwarf;
				ENABLE_STRICT_OBJC_MSGSEND = YES;
				ENABLE_TESTABILITY = YES;
				GCC_C_LANGUAGE_STANDARD = gnu11;
				GCC_DYNAMIC_NO_PIC = NO;
				GCC_NO_COMMON_BLOCKS = YES;
				GCC_OPTIMIZATION_LEVEL = 0;
				GCC_PREPROCESSOR_DEFINITIONS = (
					"DEBUG=1",
					"$(inherited)",
				);
				GCC_WARN_64_TO_32_BIT_CONVERSION = YES;
				GCC_WARN_ABOUT_RETURN_TYPE = YES_ERROR;
				GCC_WARN_UNDECLARED_SELECTOR = YES;
				GCC_WARN_UNINITIALIZED_AUTOS = YES_AGGRESSIVE;
				GCC_WARN_UNUSED_FUNCTION = YES;
				GCC_WARN_UNUSED_VARIABLE = YES;
				IPHONEOS_DEPLOYMENT_TARGET = 11.3;
				MTL_ENABLE_DEBUG_INFO = YES;
				ONLY_ACTIVE_ARCH = YES;
				SDKROOT = iphoneos;
				SWIFT_ACTIVE_COMPILATION_CONDITIONS = DEBUG;
				SWIFT_OPTIMIZATION_LEVEL = "-Onone";
			};
			name = Debug;
		};
		6DB3B27D207CC14E00DA5EC0 /* Release */ = {
			isa = XCBuildConfiguration;
			buildSettings = {
				ALWAYS_SEARCH_USER_PATHS = NO;
				CLANG_ANALYZER_NONNULL = YES;
				CLANG_ANALYZER_NUMBER_OBJECT_CONVERSION = YES_AGGRESSIVE;
				CLANG_CXX_LANGUAGE_STANDARD = "gnu++14";
				CLANG_CXX_LIBRARY = "libc++";
				CLANG_ENABLE_MODULES = YES;
				CLANG_ENABLE_OBJC_ARC = YES;
				CLANG_ENABLE_OBJC_WEAK = YES;
				CLANG_WARN_BLOCK_CAPTURE_AUTORELEASING = YES;
				CLANG_WARN_BOOL_CONVERSION = YES;
				CLANG_WARN_COMMA = YES;
				CLANG_WARN_CONSTANT_CONVERSION = YES;
				CLANG_WARN_DEPRECATED_OBJC_IMPLEMENTATIONS = YES;
				CLANG_WARN_DIRECT_OBJC_ISA_USAGE = YES_ERROR;
				CLANG_WARN_DOCUMENTATION_COMMENTS = YES;
				CLANG_WARN_EMPTY_BODY = YES;
				CLANG_WARN_ENUM_CONVERSION = YES;
				CLANG_WARN_INFINITE_RECURSION = YES;
				CLANG_WARN_INT_CONVERSION = YES;
				CLANG_WARN_NON_LITERAL_NULL_CONVERSION = YES;
				CLANG_WARN_OBJC_IMPLICIT_RETAIN_SELF = YES;
				CLANG_WARN_OBJC_LITERAL_CONVERSION = YES;
				CLANG_WARN_OBJC_ROOT_CLASS = YES_ERROR;
				CLANG_WARN_RANGE_LOOP_ANALYSIS = YES;
				CLANG_WARN_STRICT_PROTOTYPES = YES;
				CLANG_WARN_SUSPICIOUS_MOVE = YES;
				CLANG_WARN_UNGUARDED_AVAILABILITY = YES_AGGRESSIVE;
				CLANG_WARN_UNREACHABLE_CODE = YES;
				CLANG_WARN__DUPLICATE_METHOD_MATCH = YES;
				CODE_SIGN_IDENTITY = "iPhone Developer";
				COPY_PHASE_STRIP = NO;
				DEBUG_INFORMATION_FORMAT = "dwarf-with-dsym";
				ENABLE_NS_ASSERTIONS = NO;
				ENABLE_STRICT_OBJC_MSGSEND = YES;
				GCC_C_LANGUAGE_STANDARD = gnu11;
				GCC_NO_COMMON_BLOCKS = YES;
				GCC_WARN_64_TO_32_BIT_CONVERSION = YES;
				GCC_WARN_ABOUT_RETURN_TYPE = YES_ERROR;
				GCC_WARN_UNDECLARED_SELECTOR = YES;
				GCC_WARN_UNINITIALIZED_AUTOS = YES_AGGRESSIVE;
				GCC_WARN_UNUSED_FUNCTION = YES;
				GCC_WARN_UNUSED_VARIABLE = YES;
				IPHONEOS_DEPLOYMENT_TARGET = 11.3;
				MTL_ENABLE_DEBUG_INFO = NO;
				SDKROOT = iphoneos;
				SWIFT_COMPILATION_MODE = wholemodule;
				SWIFT_OPTIMIZATION_LEVEL = "-O";
				VALIDATE_PRODUCT = YES;
			};
			name = Release;
		};
		6DB3B27F207CC14E00DA5EC0 /* Debug */ = {
			isa = XCBuildConfiguration;
			baseConfigurationReference = 7481100195B6DE44F4F67815 /* Pods-GoogleAnalytics.debug.xcconfig */;
			buildSettings = {
				ASSETCATALOG_COMPILER_APPICON_NAME = AppIcon;
				CODE_SIGN_STYLE = Automatic;
				DEVELOPMENT_TEAM = L2KP5DU4HL;
				INFOPLIST_FILE = GoogleAnalytics/Info.plist;
				IPHONEOS_DEPLOYMENT_TARGET = 10;
				LD_RUNPATH_SEARCH_PATHS = "$(inherited) @executable_path/Frameworks";
				PRODUCT_BUNDLE_IDENTIFIER = com.25sprout.GoogleAnalytics;
				PRODUCT_NAME = "$(TARGET_NAME)";
				SWIFT_INSTALL_OBJC_HEADER = NO;
				SWIFT_OBJC_BRIDGING_HEADER = GoogleAnalytics/GoogleAnalytics_Bridging_Header.h;
				SWIFT_PRECOMPILE_BRIDGING_HEADER = NO;
				SWIFT_VERSION = 4.0;
				TARGETED_DEVICE_FAMILY = "1,2";
			};
			name = Debug;
		};
		6DB3B280207CC14E00DA5EC0 /* Release */ = {
			isa = XCBuildConfiguration;
			baseConfigurationReference = F677C04EE9B36C5205F9B861 /* Pods-GoogleAnalytics.release.xcconfig */;
			buildSettings = {
				ASSETCATALOG_COMPILER_APPICON_NAME = AppIcon;
				CODE_SIGN_STYLE = Automatic;
				DEVELOPMENT_TEAM = L2KP5DU4HL;
				GCC_OPTIMIZATION_LEVEL = s;
				INFOPLIST_FILE = GoogleAnalytics/Info.plist;
				IPHONEOS_DEPLOYMENT_TARGET = 10;
				LD_RUNPATH_SEARCH_PATHS = "$(inherited) @executable_path/Frameworks";
				PRODUCT_BUNDLE_IDENTIFIER = com.25sprout.GoogleAnalytics;
				PRODUCT_NAME = "$(TARGET_NAME)";
				SWIFT_INSTALL_OBJC_HEADER = NO;
				SWIFT_OBJC_BRIDGING_HEADER = GoogleAnalytics/GoogleAnalytics_Bridging_Header.h;
				SWIFT_OPTIMIZATION_LEVEL = "-O";
				SWIFT_PRECOMPILE_BRIDGING_HEADER = NO;
				SWIFT_VERSION = 4.0;
				TARGETED_DEVICE_FAMILY = "1,2";
			};
			name = Release;
		};
/* End XCBuildConfiguration section */

/* Begin XCConfigurationList section */
		6DB3B267207CC14B00DA5EC0 /* Build configuration list for PBXProject "GoogleAnalytics" */ = {
			isa = XCConfigurationList;
			buildConfigurations = (
				6DB3B27C207CC14E00DA5EC0 /* Debug */,
				6DB3B27D207CC14E00DA5EC0 /* Release */,
			);
			defaultConfigurationIsVisible = 0;
			defaultConfigurationName = Release;
		};
		6DB3B27E207CC14E00DA5EC0 /* Build configuration list for PBXNativeTarget "GoogleAnalytics" */ = {
			isa = XCConfigurationList;
			buildConfigurations = (
				6DB3B27F207CC14E00DA5EC0 /* Debug */,
				6DB3B280207CC14E00DA5EC0 /* Release */,
			);
			defaultConfigurationIsVisible = 0;
			defaultConfigurationName = Release;
		};
/* End XCConfigurationList section */
	};
	rootObject = 6DB3B264207CC14B00DA5EC0 /* Project object */;
}
